
Microsoft Visual Studio Solution File, Format Version 12.00
Project("{FAE04EC0-301F-11D3-BF4B-00C04F79EFBC}") = "AlAzif.Bot", "AlAzif.Bot\AlAzif.Bot.csproj", "{2A23E773-4FF0-482F-BD6C-310FE0396A89}"
EndProject
Project("{F2A71F9B-5D33-465A-A702-920D77279786}") = "AlAzif.Core", "AlAzif.Core\AlAzif.Core.fsproj", "{1EEEB3DD-9770-4D54-A6C7-B65BA36585BC}"
EndProject
Global
	GlobalSection(SolutionConfigurationPlatforms) = preSolution
		Debug|Any CPU = Debug|Any CPU
		Release|Any CPU = Release|Any CPU
	EndGlobalSection
	GlobalSection(ProjectConfigurationPlatforms) = postSolution
		{2A23E773-4FF0-482F-BD6C-310FE0396A89}.Debug|Any CPU.ActiveCfg = Debug|Any CPU
		{2A23E773-4FF0-482F-BD6C-310FE0396A89}.Debug|Any CPU.Build.0 = Debug|Any CPU
		{2A23E773-4FF0-482F-BD6C-310FE0396A89}.Release|Any CPU.ActiveCfg = Release|Any CPU
		{2A23E773-4FF0-482F-BD6C-310FE0396A89}.Release|Any CPU.Build.0 = Release|Any CPU
		{1EEEB3DD-9770-4D54-A6C7-B65BA36585BC}.Debug|Any CPU.ActiveCfg = Debug|Any CPU
		{1EEEB3DD-9770-4D54-A6C7-B65BA36585BC}.Debug|Any CPU.Build.0 = Debug|Any CPU
		{1EEEB3DD-9770-4D54-A6C7-B65BA36585BC}.Release|Any CPU.ActiveCfg = Release|Any CPU
		{1EEEB3DD-9770-4D54-A6C7-B65BA36585BC}.Release|Any CPU.Build.0 = Release|Any CPU
	EndGlobalSection
EndGlobal
